
Microsoft Visual Studio Solution File, Format Version 12.00
# Visual Studio Version 17
VisualStudioVersion = 17.3.32811.315
MinimumVisualStudioVersion = 10.0.40219.1
Project("{2150E333-8FDC-42A3-9474-1A3956D46DE8}") = "Solution Items", "Solution Items", "{7CAA577D-160E-4EB9-814C-2F2AB812A469}"
	ProjectSection(SolutionItems) = preProject
		global.json = global.json
		build\local_publish.ps1 = build\local_publish.ps1
		build\subst_version.ps1 = build\subst_version.ps1
	EndProjectSection
EndProject
Project("{9A19103F-16F7-4668-BE54-9A1E7A4F7556}") = "Hal", "src\Hal\Hal.csproj", "{3FE91D99-C111-4460-807A-3D8CAF6FDC50}"
EndProject
Project("{9A19103F-16F7-4668-BE54-9A1E7A4F7556}") = "Hal.Tests", "tests\Hal.Tests\Hal.Tests.csproj", "{FE4B2D55-41DE-4AFA-97F6-B0FDB5A4EB20}"
EndProject
Global
	GlobalSection(SolutionConfigurationPlatforms) = preSolution
		Debug|Any CPU = Debug|Any CPU
		Release|Any CPU = Release|Any CPU
	EndGlobalSection
	GlobalSection(ProjectConfigurationPlatforms) = postSolution
		{3FE91D99-C111-4460-807A-3D8CAF6FDC50}.Debug|Any CPU.ActiveCfg = Debug|Any CPU
		{3FE91D99-C111-4460-807A-3D8CAF6FDC50}.Debug|Any CPU.Build.0 = Debug|Any CPU
		{3FE91D99-C111-4460-807A-3D8CAF6FDC50}.Release|Any CPU.ActiveCfg = Release|Any CPU
		{3FE91D99-C111-4460-807A-3D8CAF6FDC50}.Release|Any CPU.Build.0 = Release|Any CPU
		{FE4B2D55-41DE-4AFA-97F6-B0FDB5A4EB20}.Debug|Any CPU.ActiveCfg = Debug|Any CPU
		{FE4B2D55-41DE-4AFA-97F6-B0FDB5A4EB20}.Debug|Any CPU.Build.0 = Debug|Any CPU
		{FE4B2D55-41DE-4AFA-97F6-B0FDB5A4EB20}.Release|Any CPU.ActiveCfg = Release|Any CPU
		{FE4B2D55-41DE-4AFA-97F6-B0FDB5A4EB20}.Release|Any CPU.Build.0 = Release|Any CPU
	EndGlobalSection
	GlobalSection(SolutionProperties) = preSolution
		HideSolutionNode = FALSE
	EndGlobalSection
	GlobalSection(ExtensibilityGlobals) = postSolution
		SolutionGuid = {79C4D19A-DBFE-4028-946A-1C1098EFDE89}
	EndGlobalSection
EndGlobal
